
Microsoft Visual Studio Solution File, Format Version 12.00
# Visual Studio Version 17
VisualStudioVersion = 17.3.32825.248
MinimumVisualStudioVersion = 10.0.40219.1
Project("{FAE04EC0-301F-11D3-BF4B-00C04F79EFBC}") = "AdventOfCode2021Day3", "AdventOfCode2021Day3\AdventOfCode2021Day3.csproj", "{C5A92058-042E-4E28-837A-46739CD775A6}"
EndProject
Global
	GlobalSection(SolutionConfigurationPlatforms) = preSolution
		Debug|Any CPU = Debug|Any CPU
		Release|Any CPU = Release|Any CPU
	EndGlobalSection
	GlobalSection(ProjectConfigurationPlatforms) = postSolution
		{C5A92058-042E-4E28-837A-46739CD775A6}.Debug|Any CPU.ActiveCfg = Debug|Any CPU
		{C5A92058-042E-4E28-837A-46739CD775A6}.Debug|Any CPU.Build.0 = Debug|Any CPU
		{C5A92058-042E-4E28-837A-46739CD775A6}.Release|Any CPU.ActiveCfg = Release|Any CPU
		{C5A92058-042E-4E28-837A-46739CD775A6}.Release|Any CPU.Build.0 = Release|Any CPU
	EndGlobalSection
	GlobalSection(SolutionProperties) = preSolution
		HideSolutionNode = FALSE
	EndGlobalSection
	GlobalSection(ExtensibilityGlobals) = postSolution
		SolutionGuid = {1D69B1CA-2C02-42C7-B953-FB1D4E225A49}
	EndGlobalSection
EndGlobal
