
Microsoft Visual Studio Solution File, Format Version 12.00
# Visual Studio Version 17
VisualStudioVersion = 17.3.32825.248
MinimumVisualStudioVersion = 10.0.40219.1
Project("{FAE04EC0-301F-11D3-BF4B-00C04F79EFBC}") = "AdventOfCode2021Day1", "AdventOfCode2021Day1\AdventOfCode2021Day1.csproj", "{64DD4E32-8616-4F78-909C-B219F42D6121}"
EndProject
Global
	GlobalSection(SolutionConfigurationPlatforms) = preSolution
		Debug|Any CPU = Debug|Any CPU
		Release|Any CPU = Release|Any CPU
	EndGlobalSection
	GlobalSection(ProjectConfigurationPlatforms) = postSolution
		{64DD4E32-8616-4F78-909C-B219F42D6121}.Debug|Any CPU.ActiveCfg = Debug|Any CPU
		{64DD4E32-8616-4F78-909C-B219F42D6121}.Debug|Any CPU.Build.0 = Debug|Any CPU
		{64DD4E32-8616-4F78-909C-B219F42D6121}.Release|Any CPU.ActiveCfg = Release|Any CPU
		{64DD4E32-8616-4F78-909C-B219F42D6121}.Release|Any CPU.Build.0 = Release|Any CPU
	EndGlobalSection
	GlobalSection(SolutionProperties) = preSolution
		HideSolutionNode = FALSE
	EndGlobalSection
	GlobalSection(ExtensibilityGlobals) = postSolution
		SolutionGuid = {E6A2F01E-23C8-427E-ADA0-AAC9C960586C}
	EndGlobalSection
EndGlobal
